
Microsoft Visual Studio Solution File, Format Version 12.00
# Visual Studio Version 17
VisualStudioVersion = 17.6.33829.357
MinimumVisualStudioVersion = 10.0.40219.1
Project("{FAE04EC0-301F-11D3-BF4B-00C04F79EFBC}") = "Task1", "Task1\Task1.csproj", "{F254675E-24B4-49EC-876F-B102F592CEAE}"
EndProject
Project("{FAE04EC0-301F-11D3-BF4B-00C04F79EFBC}") = "Task2", "Task2\Task2.csproj", "{438B3870-A725-404F-8BBD-942F2CDF6193}"
EndProject
Project("{FAE04EC0-301F-11D3-BF4B-00C04F79EFBC}") = "Task3", "Task3\Task3.csproj", "{0DE71C6A-6DF1-40CE-AC4B-4E7EE7306112}"
EndProject
Project("{FAE04EC0-301F-11D3-BF4B-00C04F79EFBC}") = "Task4", "Task4\Task4.csproj", "{5CA9C57A-9695-48B1-BE56-B594F16EDEE0}"
EndProject
Project("{FAE04EC0-301F-11D3-BF4B-00C04F79EFBC}") = "Task5", "Task5\Task5.csproj", "{C0EFEF6E-3DA2-4ADA-B168-981BA36AD9C7}"
EndProject
Project("{FAE04EC0-301F-11D3-BF4B-00C04F79EFBC}") = "Task3.1", "Task3.1\Task3.1.csproj", "{F1F0C50F-A11C-4D33-ABD5-96CBDD3FAB15}"
EndProject
Project("{FAE04EC0-301F-11D3-BF4B-00C04F79EFBC}") = "Task 3.2", "Task 3.2\Task 3.2.csproj", "{E5A56CC8-1210-4A47-BAB6-F07C5950E8E4}"
EndProject
Project("{FAE04EC0-301F-11D3-BF4B-00C04F79EFBC}") = "Task3.3", "Task3.3\Task3.3.csproj", "{39D66AF6-D4FD-4CE6-ACAB-0BDD0D74E003}"
EndProject
Project("{FAE04EC0-301F-11D3-BF4B-00C04F79EFBC}") = "Task3.4", "Task3.4\Task3.4.csproj", "{5B631E27-C793-4F70-BC1F-73700E0E19E9}"
EndProject
Project("{FAE04EC0-301F-11D3-BF4B-00C04F79EFBC}") = "Task3.5", "Task3.5\Task3.5.csproj", "{16E89821-8463-41DA-AF05-D8B8184F5F90}"
EndProject
Project("{FAE04EC0-301F-11D3-BF4B-00C04F79EFBC}") = "Task5.1", "Task5.1\Task5.1.csproj", "{5A41D09A-EE84-4824-82E1-7F1D41CD9A57}"
EndProject
Project("{FAE04EC0-301F-11D3-BF4B-00C04F79EFBC}") = "Task5.2", "Task5.2\Task5.2.csproj", "{E1A15D6A-4A76-4388-8CF4-1BA4F6F5CF3D}"
EndProject
Project("{FAE04EC0-301F-11D3-BF4B-00C04F79EFBC}") = "TaskList 1.3", "TaskList 1.3\TaskList 1.3.csproj", "{D4737139-5689-4317-9580-F125B6AA5093}"
EndProject
Project("{FAE04EC0-301F-11D3-BF4B-00C04F79EFBC}") = "TaskList 1.5", "TaskList 1.5\TaskList 1.5.csproj", "{79780A4E-1943-47C7-A6E6-0B3845AAFE93}"
EndProject
Project("{FAE04EC0-301F-11D3-BF4B-00C04F79EFBC}") = "TaskList2.1", "TaskList2.1\TaskList2.1.csproj", "{F60F0BD4-A745-4C73-BAC1-AB0795E1C09E}"
EndProject
Project("{FAE04EC0-301F-11D3-BF4B-00C04F79EFBC}") = "TaskList2.2", "TaskList2.2\TaskList2.2.csproj", "{D7305C6F-9358-4F95-9D5D-9B89096E56F6}"
EndProject
Project("{FAE04EC0-301F-11D3-BF4B-00C04F79EFBC}") = "TaskList2.4", "TaskList2.4\TaskList2.4.csproj", "{C98FC5B9-0DAF-402F-BB48-60E4BD70946F}"
EndProject
Project("{FAE04EC0-301F-11D3-BF4B-00C04F79EFBC}") = "TaskList2.5", "TaskList2.5\TaskList2.5.csproj", "{C5AC50C8-A792-4622-B588-01FEC838FDD5}"
EndProject
Project("{FAE04EC0-301F-11D3-BF4B-00C04F79EFBC}") = "Task8.1", "Task8.1\Task8.1.csproj", "{A3AC7C52-60E4-488E-9DDC-F6AC0F22EB29}"
EndProject
Project("{FAE04EC0-301F-11D3-BF4B-00C04F79EFBC}") = "Task8.2", "Task8.2\Task8.2.csproj", "{1E292985-A982-4202-8D25-C3439C532F95}"
EndProject
Project("{FAE04EC0-301F-11D3-BF4B-00C04F79EFBC}") = "Task8.3", "Task8.3\Task8.3.csproj", "{CBAE807C-F51F-4F3D-98C6-5EF8A5EFC885}"
EndProject
Project("{FAE04EC0-301F-11D3-BF4B-00C04F79EFBC}") = "Task8.4", "Task8.4\Task8.4.csproj", "{DA68F39B-9E32-4E3F-8EE2-838733367208}"
EndProject
Project("{FAE04EC0-301F-11D3-BF4B-00C04F79EFBC}") = "TaskList3.1", "TaskList3.1\TaskList3.1.csproj", "{B8A09C0B-0C95-4512-9697-009FCEA627D1}"
EndProject
Global
	GlobalSection(SolutionConfigurationPlatforms) = preSolution
		Debug|Any CPU = Debug|Any CPU
		Release|Any CPU = Release|Any CPU
	EndGlobalSection
	GlobalSection(ProjectConfigurationPlatforms) = postSolution
		{F254675E-24B4-49EC-876F-B102F592CEAE}.Debug|Any CPU.ActiveCfg = Debug|Any CPU
		{F254675E-24B4-49EC-876F-B102F592CEAE}.Debug|Any CPU.Build.0 = Debug|Any CPU
		{F254675E-24B4-49EC-876F-B102F592CEAE}.Release|Any CPU.ActiveCfg = Release|Any CPU
		{F254675E-24B4-49EC-876F-B102F592CEAE}.Release|Any CPU.Build.0 = Release|Any CPU
		{438B3870-A725-404F-8BBD-942F2CDF6193}.Debug|Any CPU.ActiveCfg = Debug|Any CPU
		{438B3870-A725-404F-8BBD-942F2CDF6193}.Debug|Any CPU.Build.0 = Debug|Any CPU
		{438B3870-A725-404F-8BBD-942F2CDF6193}.Release|Any CPU.ActiveCfg = Release|Any CPU
		{438B3870-A725-404F-8BBD-942F2CDF6193}.Release|Any CPU.Build.0 = Release|Any CPU
		{0DE71C6A-6DF1-40CE-AC4B-4E7EE7306112}.Debug|Any CPU.ActiveCfg = Debug|Any CPU
		{0DE71C6A-6DF1-40CE-AC4B-4E7EE7306112}.Debug|Any CPU.Build.0 = Debug|Any CPU
		{0DE71C6A-6DF1-40CE-AC4B-4E7EE7306112}.Release|Any CPU.ActiveCfg = Release|Any CPU
		{0DE71C6A-6DF1-40CE-AC4B-4E7EE7306112}.Release|Any CPU.Build.0 = Release|Any CPU
		{5CA9C57A-9695-48B1-BE56-B594F16EDEE0}.Debug|Any CPU.ActiveCfg = Debug|Any CPU
		{5CA9C57A-9695-48B1-BE56-B594F16EDEE0}.Debug|Any CPU.Build.0 = Debug|Any CPU
		{5CA9C57A-9695-48B1-BE56-B594F16EDEE0}.Release|Any CPU.ActiveCfg = Release|Any CPU
		{5CA9C57A-9695-48B1-BE56-B594F16EDEE0}.Release|Any CPU.Build.0 = Release|Any CPU
		{C0EFEF6E-3DA2-4ADA-B168-981BA36AD9C7}.Debug|Any CPU.ActiveCfg = Debug|Any CPU
		{C0EFEF6E-3DA2-4ADA-B168-981BA36AD9C7}.Debug|Any CPU.Build.0 = Debug|Any CPU
		{C0EFEF6E-3DA2-4ADA-B168-981BA36AD9C7}.Release|Any CPU.ActiveCfg = Release|Any CPU
		{C0EFEF6E-3DA2-4ADA-B168-981BA36AD9C7}.Release|Any CPU.Build.0 = Release|Any CPU
		{F1F0C50F-A11C-4D33-ABD5-96CBDD3FAB15}.Debug|Any CPU.ActiveCfg = Debug|Any CPU
		{F1F0C50F-A11C-4D33-ABD5-96CBDD3FAB15}.Debug|Any CPU.Build.0 = Debug|Any CPU
		{F1F0C50F-A11C-4D33-ABD5-96CBDD3FAB15}.Release|Any CPU.ActiveCfg = Release|Any CPU
		{F1F0C50F-A11C-4D33-ABD5-96CBDD3FAB15}.Release|Any CPU.Build.0 = Release|Any CPU
		{E5A56CC8-1210-4A47-BAB6-F07C5950E8E4}.Debug|Any CPU.ActiveCfg = Debug|Any CPU
		{E5A56CC8-1210-4A47-BAB6-F07C5950E8E4}.Debug|Any CPU.Build.0 = Debug|Any CPU
		{E5A56CC8-1210-4A47-BAB6-F07C5950E8E4}.Release|Any CPU.ActiveCfg = Release|Any CPU
		{E5A56CC8-1210-4A47-BAB6-F07C5950E8E4}.Release|Any CPU.Build.0 = Release|Any CPU
		{39D66AF6-D4FD-4CE6-ACAB-0BDD0D74E003}.Debug|Any CPU.ActiveCfg = Debug|Any CPU
		{39D66AF6-D4FD-4CE6-ACAB-0BDD0D74E003}.Debug|Any CPU.Build.0 = Debug|Any CPU
		{39D66AF6-D4FD-4CE6-ACAB-0BDD0D74E003}.Release|Any CPU.ActiveCfg = Release|Any CPU
		{39D66AF6-D4FD-4CE6-ACAB-0BDD0D74E003}.Release|Any CPU.Build.0 = Release|Any CPU
		{5B631E27-C793-4F70-BC1F-73700E0E19E9}.Debug|Any CPU.ActiveCfg = Debug|Any CPU
		{5B631E27-C793-4F70-BC1F-73700E0E19E9}.Debug|Any CPU.Build.0 = Debug|Any CPU
		{5B631E27-C793-4F70-BC1F-73700E0E19E9}.Release|Any CPU.ActiveCfg = Release|Any CPU
		{5B631E27-C793-4F70-BC1F-73700E0E19E9}.Release|Any CPU.Build.0 = Release|Any CPU
		{16E89821-8463-41DA-AF05-D8B8184F5F90}.Debug|Any CPU.ActiveCfg = Debug|Any CPU
		{16E89821-8463-41DA-AF05-D8B8184F5F90}.Debug|Any CPU.Build.0 = Debug|Any CPU
		{16E89821-8463-41DA-AF05-D8B8184F5F90}.Release|Any CPU.ActiveCfg = Release|Any CPU
		{16E89821-8463-41DA-AF05-D8B8184F5F90}.Release|Any CPU.Build.0 = Release|Any CPU
		{5A41D09A-EE84-4824-82E1-7F1D41CD9A57}.Debug|Any CPU.ActiveCfg = Debug|Any CPU
		{5A41D09A-EE84-4824-82E1-7F1D41CD9A57}.Debug|Any CPU.Build.0 = Debug|Any CPU
		{5A41D09A-EE84-4824-82E1-7F1D41CD9A57}.Release|Any CPU.ActiveCfg = Release|Any CPU
		{5A41D09A-EE84-4824-82E1-7F1D41CD9A57}.Release|Any CPU.Build.0 = Release|Any CPU
		{E1A15D6A-4A76-4388-8CF4-1BA4F6F5CF3D}.Debug|Any CPU.ActiveCfg = Debug|Any CPU
		{E1A15D6A-4A76-4388-8CF4-1BA4F6F5CF3D}.Debug|Any CPU.Build.0 = Debug|Any CPU
		{E1A15D6A-4A76-4388-8CF4-1BA4F6F5CF3D}.Release|Any CPU.ActiveCfg = Release|Any CPU
		{E1A15D6A-4A76-4388-8CF4-1BA4F6F5CF3D}.Release|Any CPU.Build.0 = Release|Any CPU
		{D4737139-5689-4317-9580-F125B6AA5093}.Debug|Any CPU.ActiveCfg = Debug|Any CPU
		{D4737139-5689-4317-9580-F125B6AA5093}.Debug|Any CPU.Build.0 = Debug|Any CPU
		{D4737139-5689-4317-9580-F125B6AA5093}.Release|Any CPU.ActiveCfg = Release|Any CPU
		{D4737139-5689-4317-9580-F125B6AA5093}.Release|Any CPU.Build.0 = Release|Any CPU
		{79780A4E-1943-47C7-A6E6-0B3845AAFE93}.Debug|Any CPU.ActiveCfg = Debug|Any CPU
		{79780A4E-1943-47C7-A6E6-0B3845AAFE93}.Debug|Any CPU.Build.0 = Debug|Any CPU
		{79780A4E-1943-47C7-A6E6-0B3845AAFE93}.Release|Any CPU.ActiveCfg = Release|Any CPU
		{79780A4E-1943-47C7-A6E6-0B3845AAFE93}.Release|Any CPU.Build.0 = Release|Any CPU
		{F60F0BD4-A745-4C73-BAC1-AB0795E1C09E}.Debug|Any CPU.ActiveCfg = Debug|Any CPU
		{F60F0BD4-A745-4C73-BAC1-AB0795E1C09E}.Debug|Any CPU.Build.0 = Debug|Any CPU
		{F60F0BD4-A745-4C73-BAC1-AB0795E1C09E}.Release|Any CPU.ActiveCfg = Release|Any CPU
		{F60F0BD4-A745-4C73-BAC1-AB0795E1C09E}.Release|Any CPU.Build.0 = Release|Any CPU
		{D7305C6F-9358-4F95-9D5D-9B89096E56F6}.Debug|Any CPU.ActiveCfg = Debug|Any CPU
		{D7305C6F-9358-4F95-9D5D-9B89096E56F6}.Debug|Any CPU.Build.0 = Debug|Any CPU
		{D7305C6F-9358-4F95-9D5D-9B89096E56F6}.Release|Any CPU.ActiveCfg = Release|Any CPU
		{D7305C6F-9358-4F95-9D5D-9B89096E56F6}.Release|Any CPU.Build.0 = Release|Any CPU
		{C98FC5B9-0DAF-402F-BB48-60E4BD70946F}.Debug|Any CPU.ActiveCfg = Debug|Any CPU
		{C98FC5B9-0DAF-402F-BB48-60E4BD70946F}.Debug|Any CPU.Build.0 = Debug|Any CPU
		{C98FC5B9-0DAF-402F-BB48-60E4BD70946F}.Release|Any CPU.ActiveCfg = Release|Any CPU
		{C98FC5B9-0DAF-402F-BB48-60E4BD70946F}.Release|Any CPU.Build.0 = Release|Any CPU
		{C5AC50C8-A792-4622-B588-01FEC838FDD5}.Debug|Any CPU.ActiveCfg = Debug|Any CPU
		{C5AC50C8-A792-4622-B588-01FEC838FDD5}.Debug|Any CPU.Build.0 = Debug|Any CPU
		{C5AC50C8-A792-4622-B588-01FEC838FDD5}.Release|Any CPU.ActiveCfg = Release|Any CPU
		{C5AC50C8-A792-4622-B588-01FEC838FDD5}.Release|Any CPU.Build.0 = Release|Any CPU
		{A3AC7C52-60E4-488E-9DDC-F6AC0F22EB29}.Debug|Any CPU.ActiveCfg = Debug|Any CPU
		{A3AC7C52-60E4-488E-9DDC-F6AC0F22EB29}.Debug|Any CPU.Build.0 = Debug|Any CPU
		{A3AC7C52-60E4-488E-9DDC-F6AC0F22EB29}.Release|Any CPU.ActiveCfg = Release|Any CPU
		{A3AC7C52-60E4-488E-9DDC-F6AC0F22EB29}.Release|Any CPU.Build.0 = Release|Any CPU
		{1E292985-A982-4202-8D25-C3439C532F95}.Debug|Any CPU.ActiveCfg = Debug|Any CPU
		{1E292985-A982-4202-8D25-C3439C532F95}.Debug|Any CPU.Build.0 = Debug|Any CPU
		{1E292985-A982-4202-8D25-C3439C532F95}.Release|Any CPU.ActiveCfg = Release|Any CPU
		{1E292985-A982-4202-8D25-C3439C532F95}.Release|Any CPU.Build.0 = Release|Any CPU
		{CBAE807C-F51F-4F3D-98C6-5EF8A5EFC885}.Debug|Any CPU.ActiveCfg = Debug|Any CPU
		{CBAE807C-F51F-4F3D-98C6-5EF8A5EFC885}.Debug|Any CPU.Build.0 = Debug|Any CPU
		{CBAE807C-F51F-4F3D-98C6-5EF8A5EFC885}.Release|Any CPU.ActiveCfg = Release|Any CPU
		{CBAE807C-F51F-4F3D-98C6-5EF8A5EFC885}.Release|Any CPU.Build.0 = Release|Any CPU
		{DA68F39B-9E32-4E3F-8EE2-838733367208}.Debug|Any CPU.ActiveCfg = Debug|Any CPU
		{DA68F39B-9E32-4E3F-8EE2-838733367208}.Debug|Any CPU.Build.0 = Debug|Any CPU
		{DA68F39B-9E32-4E3F-8EE2-838733367208}.Release|Any CPU.ActiveCfg = Release|Any CPU
		{DA68F39B-9E32-4E3F-8EE2-838733367208}.Release|Any CPU.Build.0 = Release|Any CPU
		{B8A09C0B-0C95-4512-9697-009FCEA627D1}.Debug|Any CPU.ActiveCfg = Debug|Any CPU
		{B8A09C0B-0C95-4512-9697-009FCEA627D1}.Debug|Any CPU.Build.0 = Debug|Any CPU
		{B8A09C0B-0C95-4512-9697-009FCEA627D1}.Release|Any CPU.ActiveCfg = Release|Any CPU
		{B8A09C0B-0C95-4512-9697-009FCEA627D1}.Release|Any CPU.Build.0 = Release|Any CPU
	EndGlobalSection
	GlobalSection(SolutionProperties) = preSolution
		HideSolutionNode = FALSE
	EndGlobalSection
	GlobalSection(ExtensibilityGlobals) = postSolution
		SolutionGuid = {D7A39C5F-6174-4B99-9D2F-C0CDD68B14FC}
	EndGlobalSection
EndGlobal
