
Microsoft Visual Studio Solution File, Format Version 12.00
# Visual Studio Version 17
VisualStudioVersion = 17.6.33829.357
MinimumVisualStudioVersion = 10.0.40219.1
Project("{FAE04EC0-301F-11D3-BF4B-00C04F79EFBC}") = "Task1", "Task1\Task1.csproj", "{F254675E-24B4-49EC-876F-B102F592CEAE}"
EndProject
Project("{FAE04EC0-301F-11D3-BF4B-00C04F79EFBC}") = "Task2", "Task2\Task2.csproj", "{438B3870-A725-404F-8BBD-942F2CDF6193}"
EndProject
Project("{FAE04EC0-301F-11D3-BF4B-00C04F79EFBC}") = "Task3", "Task3\Task3.csproj", "{0DE71C6A-6DF1-40CE-AC4B-4E7EE7306112}"
EndProject
Global
	GlobalSection(SolutionConfigurationPlatforms) = preSolution
		Debug|Any CPU = Debug|Any CPU
		Release|Any CPU = Release|Any CPU
	EndGlobalSection
	GlobalSection(ProjectConfigurationPlatforms) = postSolution
		{F254675E-24B4-49EC-876F-B102F592CEAE}.Debug|Any CPU.ActiveCfg = Debug|Any CPU
		{F254675E-24B4-49EC-876F-B102F592CEAE}.Debug|Any CPU.Build.0 = Debug|Any CPU
		{F254675E-24B4-49EC-876F-B102F592CEAE}.Release|Any CPU.ActiveCfg = Release|Any CPU
		{F254675E-24B4-49EC-876F-B102F592CEAE}.Release|Any CPU.Build.0 = Release|Any CPU
		{438B3870-A725-404F-8BBD-942F2CDF6193}.Debug|Any CPU.ActiveCfg = Debug|Any CPU
		{438B3870-A725-404F-8BBD-942F2CDF6193}.Debug|Any CPU.Build.0 = Debug|Any CPU
		{438B3870-A725-404F-8BBD-942F2CDF6193}.Release|Any CPU.ActiveCfg = Release|Any CPU
		{438B3870-A725-404F-8BBD-942F2CDF6193}.Release|Any CPU.Build.0 = Release|Any CPU
		{0DE71C6A-6DF1-40CE-AC4B-4E7EE7306112}.Debug|Any CPU.ActiveCfg = Debug|Any CPU
		{0DE71C6A-6DF1-40CE-AC4B-4E7EE7306112}.Debug|Any CPU.Build.0 = Debug|Any CPU
		{0DE71C6A-6DF1-40CE-AC4B-4E7EE7306112}.Release|Any CPU.ActiveCfg = Release|Any CPU
		{0DE71C6A-6DF1-40CE-AC4B-4E7EE7306112}.Release|Any CPU.Build.0 = Release|Any CPU
	EndGlobalSection
	GlobalSection(SolutionProperties) = preSolution
		HideSolutionNode = FALSE
	EndGlobalSection
	GlobalSection(ExtensibilityGlobals) = postSolution
		SolutionGuid = {D7A39C5F-6174-4B99-9D2F-C0CDD68B14FC}
	EndGlobalSection
EndGlobal
