
Microsoft Visual Studio Solution File, Format Version 12.00
# Visual Studio Version 17
VisualStudioVersion = 17.6.33829.357
MinimumVisualStudioVersion = 10.0.40219.1
Project("{FAE04EC0-301F-11D3-BF4B-00C04F79EFBC}") = "Task1", "Task1\Task1.csproj", "{F254675E-24B4-49EC-876F-B102F592CEAE}"
EndProject
Project("{FAE04EC0-301F-11D3-BF4B-00C04F79EFBC}") = "Task2", "Task2\Task2.csproj", "{438B3870-A725-404F-8BBD-942F2CDF6193}"
EndProject
Project("{FAE04EC0-301F-11D3-BF4B-00C04F79EFBC}") = "Task3", "Task3\Task3.csproj", "{0DE71C6A-6DF1-40CE-AC4B-4E7EE7306112}"
EndProject
Project("{FAE04EC0-301F-11D3-BF4B-00C04F79EFBC}") = "Task4", "Task4\Task4.csproj", "{5CA9C57A-9695-48B1-BE56-B594F16EDEE0}"
EndProject
Project("{FAE04EC0-301F-11D3-BF4B-00C04F79EFBC}") = "Task5", "Task5\Task5.csproj", "{C0EFEF6E-3DA2-4ADA-B168-981BA36AD9C7}"
EndProject
Project("{FAE04EC0-301F-11D3-BF4B-00C04F79EFBC}") = "Task3.1", "Task3.1\Task3.1.csproj", "{F1F0C50F-A11C-4D33-ABD5-96CBDD3FAB15}"
EndProject
Global
	GlobalSection(SolutionConfigurationPlatforms) = preSolution
		Debug|Any CPU = Debug|Any CPU
		Release|Any CPU = Release|Any CPU
	EndGlobalSection
	GlobalSection(ProjectConfigurationPlatforms) = postSolution
		{F254675E-24B4-49EC-876F-B102F592CEAE}.Debug|Any CPU.ActiveCfg = Debug|Any CPU
		{F254675E-24B4-49EC-876F-B102F592CEAE}.Debug|Any CPU.Build.0 = Debug|Any CPU
		{F254675E-24B4-49EC-876F-B102F592CEAE}.Release|Any CPU.ActiveCfg = Release|Any CPU
		{F254675E-24B4-49EC-876F-B102F592CEAE}.Release|Any CPU.Build.0 = Release|Any CPU
		{438B3870-A725-404F-8BBD-942F2CDF6193}.Debug|Any CPU.ActiveCfg = Debug|Any CPU
		{438B3870-A725-404F-8BBD-942F2CDF6193}.Debug|Any CPU.Build.0 = Debug|Any CPU
		{438B3870-A725-404F-8BBD-942F2CDF6193}.Release|Any CPU.ActiveCfg = Release|Any CPU
		{438B3870-A725-404F-8BBD-942F2CDF6193}.Release|Any CPU.Build.0 = Release|Any CPU
		{0DE71C6A-6DF1-40CE-AC4B-4E7EE7306112}.Debug|Any CPU.ActiveCfg = Debug|Any CPU
		{0DE71C6A-6DF1-40CE-AC4B-4E7EE7306112}.Debug|Any CPU.Build.0 = Debug|Any CPU
		{0DE71C6A-6DF1-40CE-AC4B-4E7EE7306112}.Release|Any CPU.ActiveCfg = Release|Any CPU
		{0DE71C6A-6DF1-40CE-AC4B-4E7EE7306112}.Release|Any CPU.Build.0 = Release|Any CPU
		{5CA9C57A-9695-48B1-BE56-B594F16EDEE0}.Debug|Any CPU.ActiveCfg = Debug|Any CPU
		{5CA9C57A-9695-48B1-BE56-B594F16EDEE0}.Debug|Any CPU.Build.0 = Debug|Any CPU
		{5CA9C57A-9695-48B1-BE56-B594F16EDEE0}.Release|Any CPU.ActiveCfg = Release|Any CPU
		{5CA9C57A-9695-48B1-BE56-B594F16EDEE0}.Release|Any CPU.Build.0 = Release|Any CPU
		{C0EFEF6E-3DA2-4ADA-B168-981BA36AD9C7}.Debug|Any CPU.ActiveCfg = Debug|Any CPU
		{C0EFEF6E-3DA2-4ADA-B168-981BA36AD9C7}.Debug|Any CPU.Build.0 = Debug|Any CPU
		{C0EFEF6E-3DA2-4ADA-B168-981BA36AD9C7}.Release|Any CPU.ActiveCfg = Release|Any CPU
		{C0EFEF6E-3DA2-4ADA-B168-981BA36AD9C7}.Release|Any CPU.Build.0 = Release|Any CPU
		{F1F0C50F-A11C-4D33-ABD5-96CBDD3FAB15}.Debug|Any CPU.ActiveCfg = Debug|Any CPU
		{F1F0C50F-A11C-4D33-ABD5-96CBDD3FAB15}.Debug|Any CPU.Build.0 = Debug|Any CPU
		{F1F0C50F-A11C-4D33-ABD5-96CBDD3FAB15}.Release|Any CPU.ActiveCfg = Release|Any CPU
		{F1F0C50F-A11C-4D33-ABD5-96CBDD3FAB15}.Release|Any CPU.Build.0 = Release|Any CPU
	EndGlobalSection
	GlobalSection(SolutionProperties) = preSolution
		HideSolutionNode = FALSE
	EndGlobalSection
	GlobalSection(ExtensibilityGlobals) = postSolution
		SolutionGuid = {D7A39C5F-6174-4B99-9D2F-C0CDD68B14FC}
	EndGlobalSection
EndGlobal
